# This file was autogenerated by uv via the following command:
#    uv pip compile --emit-index-url --index-strategy unsafe-best-match shared/py/requirements.cpu.in -o shared/py/requirements.cpu.lock
--index-url https://download.pytorch.org/whl/cpu
--extra-index-url https://pypi.org/simple

absl-py==2.3.1
    # via
    #   -r shared/py/requirements.cpu.in
    #   tensorboard
accelerate==1.9.0
    # via -r shared/py/requirements.cpu.in
aiohappyeyeballs==2.6.1
    # via
    #   -r shared/py/requirements.cpu.in
    #   aiohttp
aiohttp==3.12.15
    # via
    #   -r shared/py/requirements.cpu.in
    #   discord-py
aiosignal==1.4.0
    # via
    #   -r shared/py/requirements.cpu.in
    #   aiohttp
annotated-types==0.7.0
    # via
    #   -r shared/py/requirements.cpu.in
    #   pydantic
antlr4-python3-runtime==4.9.3
    # via
    #   -r shared/py/requirements.cpu.in
    #   omegaconf
anyio==4.9.0
    # via
    #   -r shared/py/requirements.cpu.in
    #   httpx
    #   starlette
    #   watchfiles
asgiref==3.9.1
    # via -r shared/py/requirements.cpu.in
attrs==25.3.0
    # via
    #   -r shared/py/requirements.cpu.in
    #   aiohttp
    #   csvw
    #   hypothesis
    #   jsonschema
    #   phonemizer
    #   referencing
audioread==3.0.1
    # via
    #   -r shared/py/requirements.cpu.in
    #   librosa
babel==2.17.0
    # via
    #   -r shared/py/requirements.cpu.in
    #   csvw
backoff==2.2.1
    # via
    #   -r shared/py/requirements.cpu.in
    #   posthog
bcrypt==4.3.0
    # via
    #   -r shared/py/requirements.cpu.in
    #   chromadb
black==22.6.0
    # via
    #   -r shared/py/requirements.cpu.in
    #   discord-py
blinker==1.9.0
    # via
    #   -r shared/py/requirements.cpu.in
    #   flask
build==1.2.2.post1
    # via
    #   -r shared/py/requirements.cpu.in
    #   chromadb
cachetools==5.5.2
    # via
    #   -r shared/py/requirements.cpu.in
    #   google-auth
certifi==2025.7.14
    # via
    #   -r shared/py/requirements.cpu.in
    #   httpcore
    #   httpx
    #   kubernetes
    #   requests
cffi==1.17.1
    # via
    #   -r shared/py/requirements.cpu.in
    #   pynacl
    #   soundfile
charset-normalizer==3.4.2
    # via
    #   -r shared/py/requirements.cpu.in
    #   requests
chromadb==1.0.15
    # via -r shared/py/requirements.cpu.in
ci-sdr==0.0.2
    # via
    #   -r shared/py/requirements.cpu.in
    #   espnet
click==8.2.1
    # via
    #   -r shared/py/requirements.cpu.in
    #   black
    #   flask
    #   nltk
    #   typer
    #   uvicorn
colorama==0.4.6
    # via csvw
coloredlogs==15.0.1
    # via
    #   -r shared/py/requirements.cpu.in
    #   onnxruntime
configargparse==1.7.1
    # via
    #   -r shared/py/requirements.cpu.in
    #   espnet
contourpy==1.3.3
    # via
    #   -r shared/py/requirements.cpu.in
    #   matplotlib
csvw==3.5.1
    # via
    #   -r shared/py/requirements.cpu.in
    #   segments
ctc-segmentation==1.7.4
    # via
    #   -r shared/py/requirements.cpu.in
    #   espnet
cycler==0.12.1
    # via
    #   -r shared/py/requirements.cpu.in
    #   matplotlib
cython==3.1.2
    # via
    #   -r shared/py/requirements.cpu.in
    #   ctc-segmentation
decorator==5.2.1
    # via
    #   -r shared/py/requirements.cpu.in
    #   librosa
defusedxml==0.7.1
    # via
    #   -r shared/py/requirements.cpu.in
    #   openvino-dev
discord-ext-voice-recv==0.5.2a179
    # via -r shared/py/requirements.cpu.in
discord-py==2.5.2
    # via
    #   -r shared/py/requirements.cpu.in
    #   discord-ext-voice-recv
distance==0.1.3
    # via
    #   -r shared/py/requirements.cpu.in
    #   g2p-en
distro==1.9.0
    # via
    #   -r shared/py/requirements.cpu.in
    #   posthog
dlinfo==2.0.0
    # via
    #   -r shared/py/requirements.cpu.in
    #   phonemizer
durationpy==0.10
    # via
    #   -r shared/py/requirements.cpu.in
    #   kubernetes
einops==0.8.1
    # via
    #   -r shared/py/requirements.cpu.in
    #   ci-sdr
espnet==202205
    # via
    #   -r shared/py/requirements.cpu.in
    #   espnet-model-zoo
espnet-model-zoo==0.1.7
    # via -r shared/py/requirements.cpu.in
espnet-tts-frontend==0.0.3
    # via
    #   -r shared/py/requirements.cpu.in
    #   espnet
fast-bss-eval==0.1.3
    # via
    #   -r shared/py/requirements.cpu.in
    #   espnet
fastapi==0.116.1
    # via -r shared/py/requirements.cpu.in
ffmpeg==1.4
    # via -r shared/py/requirements.cpu.in
filelock==3.18.0
    # via
    #   -r shared/py/requirements.cpu.in
    #   espnet
    #   espnet-model-zoo
    #   huggingface-hub
    #   torch
    #   transformers
flask==3.1.1
    # via
    #   -r shared/py/requirements.cpu.in
    #   flask-cors
flask-cors==6.0.1
    # via -r shared/py/requirements.cpu.in
flatbuffers==25.2.10
    # via
    #   -r shared/py/requirements.cpu.in
    #   onnxruntime
fonttools==4.59.0
    # via
    #   -r shared/py/requirements.cpu.in
    #   matplotlib
frozenlist==1.7.0
    # via
    #   -r shared/py/requirements.cpu.in
    #   aiohttp
    #   aiosignal
fsspec==2025.7.0
    # via
    #   -r shared/py/requirements.cpu.in
    #   huggingface-hub
    #   torch
g2p-en==2.1.0
    # via
    #   -r shared/py/requirements.cpu.in
    #   espnet-tts-frontend
google-auth==2.40.3
    # via
    #   -r shared/py/requirements.cpu.in
    #   kubernetes
googleapis-common-protos==1.70.0
    # via
    #   -r shared/py/requirements.cpu.in
    #   opentelemetry-exporter-otlp-proto-grpc
grpcio==1.74.0
    # via
    #   -r shared/py/requirements.cpu.in
    #   chromadb
    #   opentelemetry-exporter-otlp-proto-grpc
    #   tensorboard
gunicorn==23.0.0
    # via -r shared/py/requirements.cpu.in
h11==0.16.0
    # via
    #   -r shared/py/requirements.cpu.in
    #   httpcore
    #   uvicorn
h5py==3.14.0
    # via
    #   -r shared/py/requirements.cpu.in
    #   espnet
hf-xet==1.1.8
    # via huggingface-hub
httpcore==1.0.9
    # via
    #   -r shared/py/requirements.cpu.in
    #   httpx
httptools==0.6.4
    # via
    #   -r shared/py/requirements.cpu.in
    #   uvicorn
httpx==0.28.1
    # via
    #   -r shared/py/requirements.cpu.in
    #   chromadb
    #   ollama
huggingface-hub==0.34.3
    # via
    #   -r shared/py/requirements.cpu.in
    #   accelerate
    #   espnet-model-zoo
    #   sentence-transformers
    #   tokenizers
    #   transformers
humanfriendly==10.0
    # via
    #   -r shared/py/requirements.cpu.in
    #   coloredlogs
    #   espnet
hypothesis==6.136.6
    # via
    #   -r shared/py/requirements.cpu.in
    #   pyctcdecode
idna==3.10
    # via
    #   -r shared/py/requirements.cpu.in
    #   anyio
    #   httpx
    #   requests
    #   yarl
importlib-metadata==8.7.0
    # via
    #   -r shared/py/requirements.cpu.in
    #   opentelemetry-api
importlib-resources==6.5.2
    # via
    #   -r shared/py/requirements.cpu.in
    #   chromadb
inflect==7.5.0
    # via
    #   -r shared/py/requirements.cpu.in
    #   espnet-tts-frontend
    #   g2p-en
isodate==0.7.2
    # via
    #   -r shared/py/requirements.cpu.in
    #   csvw
itsdangerous==2.2.0
    # via
    #   -r shared/py/requirements.cpu.in
    #   flask
jaconv==0.4.0
    # via
    #   -r shared/py/requirements.cpu.in
    #   espnet-tts-frontend
jamo==0.4.1
    # via
    #   -r shared/py/requirements.cpu.in
    #   espnet
jinja2==3.1.6
    # via
    #   -r shared/py/requirements.cpu.in
    #   flask
    #   torch
joblib==1.5.1
    # via
    #   -r shared/py/requirements.cpu.in
    #   librosa
    #   nltk
    #   phonemizer
    #   scikit-learn
jsonschema==4.25.0
    # via
    #   -r shared/py/requirements.cpu.in
    #   chromadb
    #   csvw
jsonschema-specifications==2025.4.1
    # via
    #   -r shared/py/requirements.cpu.in
    #   jsonschema
kagglehub==0.3.12
    # via -r shared/py/requirements.cpu.in
kaldiio==2.18.1
    # via
    #   -r shared/py/requirements.cpu.in
    #   espnet
kiwisolver==1.4.8
    # via
    #   -r shared/py/requirements.cpu.in
    #   matplotlib
kubernetes==33.1.0
    # via
    #   -r shared/py/requirements.cpu.in
    #   chromadb
language-tags==1.2.0
    # via
    #   -r shared/py/requirements.cpu.in
    #   csvw
lazy-loader==0.4
    # via
    #   -r shared/py/requirements.cpu.in
    #   librosa
librosa==0.11.0
    # via
    #   -r shared/py/requirements.cpu.in
    #   espnet
llvmlite==0.44.0
    # via
    #   -r shared/py/requirements.cpu.in
    #   numba
markdown==3.8.2
    # via
    #   -r shared/py/requirements.cpu.in
    #   tensorboard
markdown-it-py==3.0.0
    # via
    #   -r shared/py/requirements.cpu.in
    #   rich
markupsafe==3.0.2
    # via
    #   -r shared/py/requirements.cpu.in
    #   flask
    #   jinja2
    #   werkzeug
matplotlib==3.10.3
    # via -r shared/py/requirements.cpu.in
mdurl==0.1.2
    # via
    #   -r shared/py/requirements.cpu.in
    #   markdown-it-py
mmh3==5.2.0
    # via
    #   -r shared/py/requirements.cpu.in
    #   chromadb
more-itertools==10.7.0
    # via
    #   -r shared/py/requirements.cpu.in
    #   inflect
    #   openai-whisper
mpmath==1.3.0
    # via
    #   -r shared/py/requirements.cpu.in
    #   sympy
msgpack==1.1.1
    # via
    #   -r shared/py/requirements.cpu.in
    #   librosa
multidict==6.6.3
    # via
    #   -r shared/py/requirements.cpu.in
    #   aiohttp
    #   yarl
mypy-extensions==1.1.0
    # via
    #   -r shared/py/requirements.cpu.in
    #   black
networkx==3.1
    # via
    #   -r shared/py/requirements.cpu.in
    #   openvino-dev
    #   torch
nltk==3.9.1
    # via
    #   -r shared/py/requirements.cpu.in
    #   espnet
    #   g2p-en
numba==0.61.2
    # via
    #   -r shared/py/requirements.cpu.in
    #   librosa
    #   openai-whisper
numpy==1.26.4
    # via
    #   -r shared/py/requirements.cpu.in
    #   accelerate
    #   chromadb
    #   ci-sdr
    #   contourpy
    #   ctc-segmentation
    #   espnet-model-zoo
    #   fast-bss-eval
    #   g2p-en
    #   h5py
    #   kaldiio
    #   librosa
    #   matplotlib
    #   numba
    #   onnx
    #   onnxruntime
    #   openai-whisper
    #   openvino
    #   openvino-dev
    #   pandas
    #   pyctcdecode
    #   pytorch-wpe
    #   pyworld
    #   scikit-learn
    #   scipy
    #   soundfile
    #   soxr
    #   tensorboard
    #   torch-complex
    #   torchvision
    #   transformers
oauthlib==3.3.1
    # via
    #   -r shared/py/requirements.cpu.in
    #   kubernetes
    #   requests-oauthlib
ollama==0.5.1
    # via -r shared/py/requirements.cpu.in
omegaconf==2.3.0
    # via -r shared/py/requirements.cpu.in
onnx==1.18.0
    # via -r shared/py/requirements.cpu.in
onnxruntime==1.22.1
    # via
    #   -r shared/py/requirements.cpu.in
    #   chromadb
openai-whisper==20250625
    # via -r shared/py/requirements.cpu.in
opentelemetry-api==1.36.0
    # via
    #   -r shared/py/requirements.cpu.in
    #   chromadb
    #   opentelemetry-exporter-otlp-proto-grpc
    #   opentelemetry-sdk
    #   opentelemetry-semantic-conventions
opentelemetry-exporter-otlp-proto-common==1.36.0
    # via
    #   -r shared/py/requirements.cpu.in
    #   opentelemetry-exporter-otlp-proto-grpc
opentelemetry-exporter-otlp-proto-grpc==1.36.0
    # via
    #   -r shared/py/requirements.cpu.in
    #   chromadb
opentelemetry-proto==1.36.0
    # via
    #   -r shared/py/requirements.cpu.in
    #   opentelemetry-exporter-otlp-proto-common
    #   opentelemetry-exporter-otlp-proto-grpc
opentelemetry-sdk==1.36.0
    # via
    #   -r shared/py/requirements.cpu.in
    #   chromadb
    #   opentelemetry-exporter-otlp-proto-grpc
opentelemetry-semantic-conventions==0.57b0
    # via
    #   -r shared/py/requirements.cpu.in
    #   opentelemetry-sdk
openvino==2024.6.0
    # via
    #   -r shared/py/requirements.cpu.in
    #   openvino-dev
openvino-dev==2024.6.0
    # via -r shared/py/requirements.cpu.in
openvino-telemetry==2025.2.0
    # via
    #   -r shared/py/requirements.cpu.in
    #   openvino
    #   openvino-dev
orjson==3.11.1
    # via
    #   -r shared/py/requirements.cpu.in
    #   chromadb
overrides==7.7.0
    # via
    #   -r shared/py/requirements.cpu.in
    #   chromadb
packaging==25.0
    # via
    #   -r shared/py/requirements.cpu.in
    #   accelerate
    #   build
    #   espnet
    #   gunicorn
    #   huggingface-hub
    #   kagglehub
    #   lazy-loader
    #   matplotlib
    #   onnxruntime
    #   openvino
    #   openvino-dev
    #   pooch
    #   tensorboard
    #   torch-complex
    #   transformers
pandas==2.3.1
    # via
    #   -r shared/py/requirements.cpu.in
    #   espnet-model-zoo
pathspec==0.12.1
    # via
    #   -r shared/py/requirements.cpu.in
    #   black
phonemizer==3.3.0
    # via -r shared/py/requirements.cpu.in
pillow==11.3.0
    # via
    #   -r shared/py/requirements.cpu.in
    #   matplotlib
    #   sentence-transformers
    #   tensorboard
    #   torchvision
platformdirs==4.3.8
    # via
    #   -r shared/py/requirements.cpu.in
    #   black
    #   pooch
pooch==1.8.2
    # via
    #   -r shared/py/requirements.cpu.in
    #   librosa
posthog==5.4.0
    # via
    #   -r shared/py/requirements.cpu.in
    #   chromadb
propcache==0.3.2
    # via
    #   -r shared/py/requirements.cpu.in
    #   aiohttp
    #   yarl
protobuf==6.31.1
    # via
    #   -r shared/py/requirements.cpu.in
    #   googleapis-common-protos
    #   onnx
    #   onnxruntime
    #   opentelemetry-proto
    #   tensorboard
psutil==7.0.0
    # via
    #   -r shared/py/requirements.cpu.in
    #   accelerate
pyasn1==0.6.1
    # via
    #   -r shared/py/requirements.cpu.in
    #   pyasn1-modules
    #   rsa
pyasn1-modules==0.4.2
    # via
    #   -r shared/py/requirements.cpu.in
    #   google-auth
pybase64==1.4.2
    # via
    #   -r shared/py/requirements.cpu.in
    #   chromadb
pycparser==2.22
    # via
    #   -r shared/py/requirements.cpu.in
    #   cffi
pyctcdecode==0.5.0
    # via -r shared/py/requirements.cpu.in
pydantic==2.11.7
    # via
    #   -r shared/py/requirements.cpu.in
    #   chromadb
    #   fastapi
    #   ollama
pydantic-core==2.33.2
    # via
    #   -r shared/py/requirements.cpu.in
    #   pydantic
pygments==2.19.2
    # via
    #   -r shared/py/requirements.cpu.in
    #   rich
pygtrie==2.5.0
    # via
    #   -r shared/py/requirements.cpu.in
    #   pyctcdecode
pynacl==1.5.0
    # via
    #   -r shared/py/requirements.cpu.in
    #   discord-py
pyparsing==3.2.3
    # via
    #   -r shared/py/requirements.cpu.in
    #   matplotlib
    #   rdflib
pypika==0.48.9
    # via
    #   -r shared/py/requirements.cpu.in
    #   chromadb
pypinyin==0.44.0
    # via
    #   -r shared/py/requirements.cpu.in
    #   espnet
    #   espnet-tts-frontend
pyproject-hooks==1.2.0
    # via
    #   -r shared/py/requirements.cpu.in
    #   build
python-dateutil==2.9.0.post0
    # via
    #   -r shared/py/requirements.cpu.in
    #   csvw
    #   kubernetes
    #   matplotlib
    #   pandas
    #   posthog
python-dotenv==1.1.1
    # via
    #   -r shared/py/requirements.cpu.in
    #   uvicorn
python-multipart==0.0.20
    # via -r shared/py/requirements.cpu.in
pytorch-wpe==0.0.1
    # via
    #   -r shared/py/requirements.cpu.in
    #   espnet
pytz==2025.2
    # via
    #   -r shared/py/requirements.cpu.in
    #   pandas
pyworld==0.3.5
    # via
    #   -r shared/py/requirements.cpu.in
    #   espnet
pyyaml==6.0.2
    # via
    #   -r shared/py/requirements.cpu.in
    #   accelerate
    #   chromadb
    #   espnet
    #   huggingface-hub
    #   kagglehub
    #   kubernetes
    #   omegaconf
    #   openvino-dev
    #   transformers
    #   uvicorn
rdflib==7.1.4
    # via
    #   -r shared/py/requirements.cpu.in
    #   csvw
referencing==0.36.2
    # via
    #   -r shared/py/requirements.cpu.in
    #   jsonschema
    #   jsonschema-specifications
regex==2025.7.34
    # via
    #   -r shared/py/requirements.cpu.in
    #   nltk
    #   segments
    #   tiktoken
    #   transformers
requests==2.32.4
    # via
    #   -r shared/py/requirements.cpu.in
    #   csvw
    #   espnet-model-zoo
    #   huggingface-hub
    #   kagglehub
    #   kubernetes
    #   openvino-dev
    #   pooch
    #   posthog
    #   requests-oauthlib
    #   tiktoken
    #   transformers
requests-oauthlib==2.0.0
    # via
    #   -r shared/py/requirements.cpu.in
    #   kubernetes
rfc3986==1.5.0
    # via
    #   -r shared/py/requirements.cpu.in
    #   csvw
rich==14.1.0
    # via
    #   -r shared/py/requirements.cpu.in
    #   chromadb
    #   typer
rpds-py==0.26.0
    # via
    #   -r shared/py/requirements.cpu.in
    #   jsonschema
    #   referencing
rsa==4.9.1
    # via
    #   -r shared/py/requirements.cpu.in
    #   google-auth
safetensors==0.5.3
    # via
    #   -r shared/py/requirements.cpu.in
    #   accelerate
    #   transformers
scikit-learn==1.7.1
    # via
    #   -r shared/py/requirements.cpu.in
    #   librosa
    #   sentence-transformers
scipy==1.16.1
    # via
    #   -r shared/py/requirements.cpu.in
    #   ci-sdr
    #   espnet
    #   fast-bss-eval
    #   librosa
    #   scikit-learn
    #   sentence-transformers
segments==2.3.0
    # via
    #   -r shared/py/requirements.cpu.in
    #   phonemizer
sentence-transformers==5.0.0
    # via -r shared/py/requirements.cpu.in
sentencepiece==0.2.0
    # via
    #   -r shared/py/requirements.cpu.in
    #   espnet
setuptools==80.9.0
    # via
    #   -r shared/py/requirements.cpu.in
    #   ctc-segmentation
    #   espnet
    #   tensorboard
    #   torch
    #   triton
shellingham==1.5.4
    # via
    #   -r shared/py/requirements.cpu.in
    #   typer
six==1.17.0
    # via
    #   -r shared/py/requirements.cpu.in
    #   kubernetes
    #   posthog
    #   python-dateutil
    #   whisper
sniffio==1.3.1
    # via
    #   -r shared/py/requirements.cpu.in
    #   anyio
sortedcontainers==2.4.0
    # via
    #   -r shared/py/requirements.cpu.in
    #   hypothesis
soundfile==0.13.1
    # via
    #   -r shared/py/requirements.cpu.in
    #   espnet
    #   librosa
soxr==0.5.0.post1
    # via
    #   -r shared/py/requirements.cpu.in
    #   librosa
starlette==0.47.2
    # via
    #   -r shared/py/requirements.cpu.in
    #   fastapi
sympy==1.14.0
    # via
    #   -r shared/py/requirements.cpu.in
    #   onnxruntime
    #   torch
tenacity==9.1.2
    # via
    #   -r shared/py/requirements.cpu.in
    #   chromadb
tensorboard==2.20.0
    # via -r shared/py/requirements.cpu.in
tensorboard-data-server==0.7.2
    # via
    #   -r shared/py/requirements.cpu.in
    #   tensorboard
threadpoolctl==3.6.0
    # via
    #   -r shared/py/requirements.cpu.in
    #   scikit-learn
tiktoken==0.9.0
    # via
    #   -r shared/py/requirements.cpu.in
    #   openai-whisper
tokenizers==0.21.4
    # via
    #   -r shared/py/requirements.cpu.in
    #   chromadb
    #   transformers
torch==2.7.1+cpu
    # via
    #   -r shared/py/requirements.cpu.in
    #   accelerate
    #   ci-sdr
    #   espnet
    #   openai-whisper
    #   sentence-transformers
    #   torchaudio
    #   torchvision
torch-complex==0.4.4
    # via
    #   -r shared/py/requirements.cpu.in
    #   espnet
torchaudio==2.7.1+cpu
    # via -r shared/py/requirements.cpu.in
torchvision==0.22.1+cpu
    # via -r shared/py/requirements.cpu.in
tqdm==4.67.1
    # via
    #   -r shared/py/requirements.cpu.in
    #   chromadb
    #   espnet-model-zoo
    #   huggingface-hub
    #   kagglehub
    #   nltk
    #   openai-whisper
    #   sentence-transformers
    #   transformers
transformers==4.54.1
    # via
    #   -r shared/py/requirements.cpu.in
    #   sentence-transformers
triton==3.3.1
    # via openai-whisper
typeguard==4.4.4
    # via
    #   -r shared/py/requirements.cpu.in
    #   espnet
    #   inflect
typer==0.16.0
    # via
    #   -r shared/py/requirements.cpu.in
    #   chromadb
typing-extensions==4.14.1
    # via
    #   -r shared/py/requirements.cpu.in
    #   aiosignal
    #   anyio
    #   chromadb
    #   discord-py
    #   fastapi
    #   huggingface-hub
    #   librosa
    #   onnx
    #   opentelemetry-api
    #   opentelemetry-exporter-otlp-proto-grpc
    #   opentelemetry-sdk
    #   opentelemetry-semantic-conventions
    #   phonemizer
    #   pydantic
    #   pydantic-core
    #   referencing
    #   sentence-transformers
    #   starlette
    #   torch
    #   typeguard
    #   typer
    #   typing-inspection
typing-inspection==0.4.1
    # via
    #   -r shared/py/requirements.cpu.in
    #   pydantic
tzdata==2025.2
    # via
    #   -r shared/py/requirements.cpu.in
    #   pandas
unidecode==1.4.0
    # via
    #   -r shared/py/requirements.cpu.in
    #   espnet-tts-frontend
uritemplate==4.2.0
    # via
    #   -r shared/py/requirements.cpu.in
    #   csvw
urllib3==2.5.0
    # via
    #   -r shared/py/requirements.cpu.in
    #   kubernetes
    #   requests
uvicorn==0.35.0
    # via
    #   -r shared/py/requirements.cpu.in
    #   chromadb
uvloop==0.21.0
    # via uvicorn
waitress==3.0.2
    # via -r shared/py/requirements.cpu.in
watchfiles==1.1.0
    # via
    #   -r shared/py/requirements.cpu.in
    #   uvicorn
websocket-client==1.8.0
    # via
    #   -r shared/py/requirements.cpu.in
    #   kubernetes
websockets==15.0.1
    # via
    #   -r shared/py/requirements.cpu.in
    #   uvicorn
werkzeug==3.1.3
    # via
    #   -r shared/py/requirements.cpu.in
    #   flask
    #   flask-cors
    #   tensorboard
whisper==1.1.10
    # via -r shared/py/requirements.cpu.in
yarl==1.20.1
    # via
    #   -r shared/py/requirements.cpu.in
    #   aiohttp
zipp==3.23.0
    # via
    #   -r shared/py/requirements.cpu.in
    #   importlib-metadata
