# This file was autogenerated by uv via the following command:
#    uv pip compile requirements.cpu.in -o requirements.cpu.lock --index-strategy unsafe-best-match
aiohappyeyeballs==2.6.1
    # via
    #   -c ../../../constraints.txt
    #   aiohttp
aiohttp==3.12.15
    # via
    #   -c ../../../constraints.txt
    #   discord-py
aiosignal==1.4.0
    # via
    #   -c ../../../constraints.txt
    #   aiohttp
attrs==25.3.0
    # via
    #   -c ../../../constraints.txt
    #   aiohttp
certifi==2025.7.14
    # via
    #   -c ../../../constraints.txt
    #   requests
charset-normalizer==3.4.2
    # via
    #   -c ../../../constraints.txt
    #   requests
discord-py==2.5.2
    # via
    #   -c ../../../constraints.txt
    #   -r requirements.cpu.in
dnspython==2.7.0
    # via pymongo
frozenlist==1.7.0
    # via
    #   -c ../../../constraints.txt
    #   aiohttp
    #   aiosignal
idna==3.10
    # via
    #   -c ../../../constraints.txt
    #   requests
    #   yarl
multidict==6.6.3
    # via
    #   -c ../../../constraints.txt
    #   aiohttp
    #   yarl
propcache==0.3.2
    # via
    #   -c ../../../constraints.txt
    #   aiohttp
    #   yarl
pymongo==4.13.2
    # via
    #   -c ../../../constraints.txt
    #   -r requirements.cpu.in
python-dotenv==1.1.1
    # via
    #   -c ../../../constraints.txt
    #   -r requirements.cpu.in
requests==2.32.4
    # via
    #   -c ../../../constraints.txt
    #   -r requirements.cpu.in
typing-extensions==4.14.1
    # via
    #   -c ../../../constraints.txt
    #   aiosignal
urllib3==2.5.0
    # via
    #   -c ../../../constraints.txt
    #   requests
yarl==1.20.1
    # via
    #   -c ../../../constraints.txt
    #   aiohttp
