# This file was autogenerated by uv via the following command:
#    uv pip compile requirements.cpu.in -o requirements.cpu.lock --index-strategy unsafe-best-match
annotated-types==0.7.0
    # via
    #   -c ../../../constraints.txt
    #   pydantic
anyio==4.9.0
    # via
    #   -c ../../../constraints.txt
    #   starlette
certifi==2025.7.14
    # via
    #   -c ../../../constraints.txt
    #   requests
charset-normalizer==3.4.2
    # via
    #   -c ../../../constraints.txt
    #   requests
click==8.2.1
    # via
    #   -c ../../../constraints.txt
    #   uvicorn
fastapi==0.116.1
    # via
    #   -c ../../../constraints.txt
    #   -r requirements.cpu.in
filelock==3.18.0
    # via
    #   -c ../../../constraints.txt
    #   huggingface-hub
    #   torch
    #   transformers
fsspec==2025.7.0
    # via
    #   -c ../../../constraints.txt
    #   huggingface-hub
    #   torch
h11==0.16.0
    # via
    #   -c ../../../constraints.txt
    #   uvicorn
hf-xet==1.1.9
    # via
    #   -c ../../../constraints.txt
    #   huggingface-hub
huggingface-hub==0.34.3
    # via
    #   -c ../../../constraints.txt
    #   sentence-transformers
    #   tokenizers
    #   transformers
idna==3.10
    # via
    #   -c ../../../constraints.txt
    #   anyio
    #   requests
jinja2==3.1.6
    # via
    #   -c ../../../constraints.txt
    #   torch
joblib==1.5.1
    # via
    #   -c ../../../constraints.txt
    #   scikit-learn
markupsafe==3.0.1
    # via
    #   -c ../../../constraints.txt
    #   jinja2
mpmath==1.3.0
    # via
    #   -c ../../../constraints.txt
    #   sympy
networkx==3.1
    # via
    #   -c ../../../constraints.txt
    #   torch
numpy==1.26.4
    # via
    #   -c ../../../constraints.txt
    #   scikit-learn
    #   scipy
    #   transformers
packaging==25.0
    # via
    #   -c ../../../constraints.txt
    #   huggingface-hub
    #   transformers
pillow==11.3.0
    # via
    #   -c ../../../constraints.txt
    #   sentence-transformers
pydantic==2.11.7
    # via
    #   -c ../../../constraints.txt
    #   fastapi
pydantic-core==2.33.2
    # via
    #   -c ../../../constraints.txt
    #   pydantic
pyyaml==6.0.2
    # via
    #   -c ../../../constraints.txt
    #   huggingface-hub
    #   transformers
regex==2025.7.34
    # via
    #   -c ../../../constraints.txt
    #   transformers
requests==2.32.4
    # via
    #   -c ../../../constraints.txt
    #   -r requirements.cpu.in
    #   huggingface-hub
    #   transformers
safetensors==0.5.3
    # via
    #   -c ../../../constraints.txt
    #   transformers
scikit-learn==1.7.1
    # via
    #   -c ../../../constraints.txt
    #   sentence-transformers
scipy==1.16.1
    # via
    #   -c ../../../constraints.txt
    #   scikit-learn
    #   sentence-transformers
sentence-transformers==5.0.0
    # via
    #   -c ../../../constraints.txt
    #   -r requirements.cpu.in
setuptools==80.9.0
    # via
    #   -c ../../../constraints.txt
    #   torch
sniffio==1.3.1
    # via
    #   -c ../../../constraints.txt
    #   anyio
starlette==0.47.2
    # via
    #   -c ../../../constraints.txt
    #   fastapi
sympy==1.14.0
    # via
    #   -c ../../../constraints.txt
    #   torch
threadpoolctl==3.6.0
    # via
    #   -c ../../../constraints.txt
    #   scikit-learn
tokenizers==0.21.4
    # via
    #   -c ../../../constraints.txt
    #   transformers
torch==2.7.1+cpu
    # via
    #   -c ../../../constraints.txt
    #   sentence-transformers
tqdm==4.67.1
    # via
    #   -c ../../../constraints.txt
    #   huggingface-hub
    #   sentence-transformers
    #   transformers
transformers==4.54.1
    # via
    #   -c ../../../constraints.txt
    #   sentence-transformers
typing-extensions==4.14.1
    # via
    #   -c ../../../constraints.txt
    #   anyio
    #   fastapi
    #   huggingface-hub
    #   pydantic
    #   pydantic-core
    #   sentence-transformers
    #   starlette
    #   torch
    #   typing-inspection
typing-inspection==0.4.1
    # via
    #   -c ../../../constraints.txt
    #   pydantic
urllib3==2.5.0
    # via
    #   -c ../../../constraints.txt
    #   requests
uvicorn==0.35.0
    # via
    #   -c ../../../constraints.txt
    #   -r requirements.cpu.in
websockets==15.0.1
    # via
    #   -c ../../../constraints.txt
    #   -r requirements.cpu.in
