# This file was autogenerated by uv via the following command:
#    uv pip compile requirements.cpu.in -o requirements.cpu.lock --index-strategy unsafe-best-match
aiohappyeyeballs==2.6.1
    # via aiohttp
aiohttp==3.12.15
    # via discord-py
aiosignal==1.4.0
    # via aiohttp
asyncio-mqtt==0.16.2
    # via -r requirements.cpu.in
attrs==25.3.0
    # via aiohttp
discord-py==2.6.2
    # via -r requirements.cpu.in
dnspython==2.7.0
    # via pymongo
frozenlist==1.7.0
    # via
    #   aiohttp
    #   aiosignal
funcparserlib==1.0.1
    # via hy
hy==1.1.0
    # via -r requirements.cpu.in
idna==3.10
    # via yarl
multidict==6.6.4
    # via
    #   aiohttp
    #   yarl
paho-mqtt==2.1.0
    # via asyncio-mqtt
propcache==0.3.2
    # via
    #   aiohttp
    #   yarl
pymongo==4.14.1
    # via -r requirements.cpu.in
typing-extensions==4.15.0
    # via aiosignal
yarl==1.20.1
    # via aiohttp
