# This file was autogenerated by uv via the following command:
#    uv pip compile --emit-index-url --index-strategy unsafe-best-match services/py/stt/requirements.cpu.in -o services/py/stt/requirements.cpu.lock
--index-url https://download.pytorch.org/whl/cpu
--extra-index-url https://pypi.org/simple

annotated-types==0.7.0
    # via
    #   -r services/py/stt/requirements.cpu.in
    #   pydantic
anyio==4.9.0
    # via
    #   -r services/py/stt/requirements.cpu.in
    #   starlette
certifi==2025.7.14
    # via
    #   -r services/py/stt/requirements.cpu.in
    #   requests
charset-normalizer==3.4.2
    # via
    #   -r services/py/stt/requirements.cpu.in
    #   requests
click==8.2.1
    # via
    #   -r services/py/stt/requirements.cpu.in
    #   uvicorn
fastapi==0.116.1
    # via -r services/py/stt/requirements.cpu.in
filelock==3.18.0
    # via
    #   -r services/py/stt/requirements.cpu.in
    #   huggingface-hub
    #   torch
    #   transformers
fsspec==2025.7.0
    # via
    #   -r services/py/stt/requirements.cpu.in
    #   huggingface-hub
    #   torch
h11==0.16.0
    # via
    #   -r services/py/stt/requirements.cpu.in
    #   uvicorn
hf-xet==1.1.8
    # via huggingface-hub
huggingface-hub==0.34.3
    # via
    #   -r services/py/stt/requirements.cpu.in
    #   tokenizers
    #   transformers
idna==3.10
    # via
    #   -r services/py/stt/requirements.cpu.in
    #   anyio
    #   requests
jinja2==3.1.6
    # via
    #   -r services/py/stt/requirements.cpu.in
    #   torch
markupsafe==3.0.2
    # via
    #   -r services/py/stt/requirements.cpu.in
    #   jinja2
mpmath==1.3.0
    # via
    #   -r services/py/stt/requirements.cpu.in
    #   sympy
networkx==3.5
    # via
    #   -r services/py/stt/requirements.cpu.in
    #   torch
numpy==2.3.2
    # via
    #   -r services/py/stt/requirements.cpu.in
    #   transformers
packaging==25.0
    # via
    #   -r services/py/stt/requirements.cpu.in
    #   huggingface-hub
    #   transformers
pydantic==2.11.7
    # via
    #   -r services/py/stt/requirements.cpu.in
    #   fastapi
pydantic-core==2.33.2
    # via
    #   -r services/py/stt/requirements.cpu.in
    #   pydantic
pyyaml==6.0.2
    # via
    #   -r services/py/stt/requirements.cpu.in
    #   huggingface-hub
    #   transformers
regex==2025.7.34
    # via
    #   -r services/py/stt/requirements.cpu.in
    #   transformers
requests==2.32.4
    # via
    #   -r services/py/stt/requirements.cpu.in
    #   huggingface-hub
    #   transformers
safetensors==0.5.3
    # via
    #   -r services/py/stt/requirements.cpu.in
    #   transformers
setuptools==80.9.0
    # via
    #   -r services/py/stt/requirements.cpu.in
    #   torch
sniffio==1.3.1
    # via
    #   -r services/py/stt/requirements.cpu.in
    #   anyio
starlette==0.47.2
    # via
    #   -r services/py/stt/requirements.cpu.in
    #   fastapi
sympy==1.14.0
    # via
    #   -r services/py/stt/requirements.cpu.in
    #   torch
tokenizers==0.21.4
    # via
    #   -r services/py/stt/requirements.cpu.in
    #   transformers
torch==2.7.1+cpu
    # via
    #   -r services/py/stt/requirements.cpu.in
    #   torchaudio
torchaudio==2.7.1+cpu
    # via -r services/py/stt/requirements.cpu.in
tqdm==4.67.1
    # via
    #   -r services/py/stt/requirements.cpu.in
    #   huggingface-hub
    #   transformers
transformers==4.54.1
    # via -r services/py/stt/requirements.cpu.in
typing-extensions==4.14.1
    # via
    #   -r services/py/stt/requirements.cpu.in
    #   anyio
    #   fastapi
    #   huggingface-hub
    #   pydantic
    #   pydantic-core
    #   starlette
    #   torch
    #   typing-inspection
typing-inspection==0.4.1
    # via
    #   -r services/py/stt/requirements.cpu.in
    #   pydantic
urllib3==2.5.0
    # via
    #   -r services/py/stt/requirements.cpu.in
    #   requests
uvicorn==0.35.0
    # via -r services/py/stt/requirements.cpu.in
websockets==15.0.1
    # via -r services/py/stt/requirements.cpu.in
