{
    "name": "lith",
    "version": "1.0.0",
    "lockfileVersion": 3,
    "requires": true,
    "packages": {
        "": {
            "name": "lith",
            "version": "1.0.0",
            "license": "GPL-3.0-only",
            "dependencies": {
                "cardinal": "^2.1.1",
                "source-map": "^0.7.6",
                "source-map-support": "^0.5.21"
            },
            "bin": {
                "lith": "bin/lith.js"
            }
        },
        "../../node_modules/.pnpm/cardinal@2.1.1/node_modules/cardinal": {
            "version": "2.1.1",
            "license": "MIT",
            "dependencies": {
                "ansicolors": "~0.3.2",
                "redeyed": "~2.1.0"
            },
            "bin": {
                "cdl": "bin/cdl.js"
            },
            "devDependencies": {
                "readdirp": "~2.1.0",
                "standart": "~6.1.0",
                "tape": "~4.9.0"
            }
        },
        "../../node_modules/.pnpm/source-map-support@0.5.21/node_modules/source-map-support": {
            "version": "0.5.21",
            "license": "MIT",
            "dependencies": {
                "buffer-from": "^1.0.0",
                "source-map": "^0.6.0"
            },
            "devDependencies": {
                "browserify": "^4.2.3",
                "coffeescript": "^1.12.7",
                "http-server": "^0.11.1",
                "mocha": "^3.5.3",
                "webpack": "^1.15.0"
            }
        },
        "../../node_modules/.pnpm/source-map@0.7.6/node_modules/source-map": {
            "version": "0.7.6",
            "license": "BSD-3-Clause",
            "devDependencies": {
                "c8": "^7.12.0",
                "doctoc": "^2.2.1",
                "eslint": "^8.24.0",
                "eslint-config-prettier": "^8.5.0",
                "prettier": "^2.7.1"
            },
            "engines": {
                "node": ">= 12"
            }
        },
        "node_modules/cardinal": {
            "resolved": "../../node_modules/.pnpm/cardinal@2.1.1/node_modules/cardinal",
            "link": true
        },
        "node_modules/source-map": {
            "resolved": "../../node_modules/.pnpm/source-map@0.7.6/node_modules/source-map",
            "link": true
        },
        "node_modules/source-map-support": {
            "resolved": "../../node_modules/.pnpm/source-map-support@0.5.21/node_modules/source-map-support",
            "link": true
        }
    }
}
